// !$*UTF8*$!
{
	archiveVersion = 1;
	classes = {
	};
	objectVersion = 50;
	objects = {

/* Begin PBXBuildFile section */
		290DC77421E3E30300C1D9E0 /* AppDelegate.swift in Sources */ = {isa = PBXBuildFile; fileRef = 290DC77321E3E30300C1D9E0 /* AppDelegate.swift */; };
		290DC77621E3E30300C1D9E0 /* art.scnassets in Resources */ = {isa = PBXBuildFile; fileRef = 290DC77521E3E30300C1D9E0 /* art.scnassets */; };
		290DC77821E3E30300C1D9E0 /* ViewController.swift in Sources */ = {isa = PBXBuildFile; fileRef = 290DC77721E3E30300C1D9E0 /* ViewController.swift */; };
		290DC77B21E3E30300C1D9E0 /* Main.storyboard in Resources */ = {isa = PBXBuildFile; fileRef = 290DC77921E3E30300C1D9E0 /* Main.storyboard */; };
		290DC77D21E3E30500C1D9E0 /* Assets.xcassets in Resources */ = {isa = PBXBuildFile; fileRef = 290DC77C21E3E30500C1D9E0 /* Assets.xcassets */; };
		290DC78021E3E30500C1D9E0 /* LaunchScreen.storyboard in Resources */ = {isa = PBXBuildFile; fileRef = 290DC77E21E3E30500C1D9E0 /* LaunchScreen.storyboard */; };
		290DC78821E3E44B00C1D9E0 /* Inceptionv3.mlmodel in Sources */ = {isa = PBXBuildFile; fileRef = 290DC78721E3E44B00C1D9E0 /* Inceptionv3.mlmodel */; };
		290DC78A21E3F06400C1D9E0 /* yandexTranslate.swift in Sources */ = {isa = PBXBuildFile; fileRef = 290DC78921E3F06400C1D9E0 /* yandexTranslate.swift */; };
/* End PBXBuildFile section */

/* Begin PBXFileReference section */
		290DC77021E3E30300C1D9E0 /* Vocabulary.app */ = {isa = PBXFileReference; explicitFileType = wrapper.application; includeInIndex = 0; path = Vocabulary.app; sourceTree = BUILT_PRODUCTS_DIR; };
		290DC77321E3E30300C1D9E0 /* AppDelegate.swift */ = {isa = PBXFileReference; lastKnownFileType = sourcecode.swift; path = AppDelegate.swift; sourceTree = "<group>"; };
		290DC77521E3E30300C1D9E0 /* art.scnassets */ = {isa = PBXFileReference; lastKnownFileType = wrapper.scnassets; path = art.scnassets; sourceTree = "<group>"; };
		290DC77721E3E30300C1D9E0 /* ViewController.swift */ = {isa = PBXFileReference; lastKnownFileType = sourcecode.swift; path = ViewController.swift; sourceTree = "<group>"; };
		290DC77A21E3E30300C1D9E0 /* Base */ = {isa = PBXFileReference; lastKnownFileType = file.storyboard; name = Base; path = Base.lproj/Main.storyboard; sourceTree = "<group>"; };
		290DC77C21E3E30500C1D9E0 /* Assets.xcassets */ = {isa = PBXFileReference; lastKnownFileType = folder.assetcatalog; path = Assets.xcassets; sourceTree = "<group>"; };
		290DC77F21E3E30500C1D9E0 /* Base */ = {isa = PBXFileReference; lastKnownFileType = file.storyboard; name = Base; path = Base.lproj/LaunchScreen.storyboard; sourceTree = "<group>"; };
		290DC78121E3E30500C1D9E0 /* Info.plist */ = {isa = PBXFileReference; lastKnownFileType = text.plist.xml; path = Info.plist; sourceTree = "<group>"; };
		290DC78721E3E44B00C1D9E0 /* Inceptionv3.mlmodel */ = {isa = PBXFileReference; lastKnownFileType = file.mlmodel; path = Inceptionv3.mlmodel; sourceTree = "<group>"; };
		290DC78921E3F06400C1D9E0 /* yandexTranslate.swift */ = {isa = PBXFileReference; lastKnownFileType = sourcecode.swift; path = yandexTranslate.swift; sourceTree = "<group>"; };
/* End PBXFileReference section */

/* Begin PBXFrameworksBuildPhase section */
		290DC76D21E3E30300C1D9E0 /* Frameworks */ = {
			isa = PBXFrameworksBuildPhase;
			buildActionMask = 2147483647;
			files = (
			);
			runOnlyForDeploymentPostprocessing = 0;
		};
/* End PBXFrameworksBuildPhase section */

/* Begin PBXGroup section */
		290DC76721E3E30300C1D9E0 = {
			isa = PBXGroup;
			children = (
				290DC77221E3E30300C1D9E0 /* Vocabulary */,
				290DC77121E3E30300C1D9E0 /* Products */,
			);
			sourceTree = "<group>";
		};
		290DC77121E3E30300C1D9E0 /* Products */ = {
			isa = PBXGroup;
			children = (
				290DC77021E3E30300C1D9E0 /* Vocabulary.app */,
			);
			name = Products;
			sourceTree = "<group>";
		};
		290DC77221E3E30300C1D9E0 /* Vocabulary */ = {
			isa = PBXGroup;
			children = (
				290DC77721E3E30300C1D9E0 /* ViewController.swift */,
				290DC78921E3F06400C1D9E0 /* yandexTranslate.swift */,
				290DC78721E3E44B00C1D9E0 /* Inceptionv3.mlmodel */,
				290DC77921E3E30300C1D9E0 /* Main.storyboard */,
				290DC77321E3E30300C1D9E0 /* AppDelegate.swift */,
				290DC77521E3E30300C1D9E0 /* art.scnassets */,
				290DC77C21E3E30500C1D9E0 /* Assets.xcassets */,
				290DC77E21E3E30500C1D9E0 /* LaunchScreen.storyboard */,
				290DC78121E3E30500C1D9E0 /* Info.plist */,
			);
			path = Vocabulary;
			sourceTree = "<group>";
		};
/* End PBXGroup section */

/* Begin PBXNativeTarget section */
		290DC76F21E3E30300C1D9E0 /* Vocabulary */ = {
			isa = PBXNativeTarget;
			buildConfigurationList = 290DC78421E3E30500C1D9E0 /* Build configuration list for PBXNativeTarget "Vocabulary" */;
			buildPhases = (
				290DC76C21E3E30300C1D9E0 /* Sources */,
				290DC76D21E3E30300C1D9E0 /* Frameworks */,
				290DC76E21E3E30300C1D9E0 /* Resources */,
			);
			buildRules = (
			);
			dependencies = (
			);
			name = Vocabulary;
			productName = Vocabulary;
			productReference = 290DC77021E3E30300C1D9E0 /* Vocabulary.app */;
			productType = "com.apple.product-type.application";
		};
/* End PBXNativeTarget section */

/* Begin PBXProject section */
		290DC76821E3E30300C1D9E0 /* Project object */ = {
			isa = PBXProject;
			attributes = {
				LastSwiftUpdateCheck = 1010;
				LastUpgradeCheck = 1010;
				ORGANIZATIONNAME = wenyu;
				TargetAttributes = {
					290DC76F21E3E30300C1D9E0 = {
						CreatedOnToolsVersion = 10.1;
					};
				};
			};
			buildConfigurationList = 290DC76B21E3E30300C1D9E0 /* Build configuration list for PBXProject "Vocabulary" */;
			compatibilityVersion = "Xcode 9.3";
			developmentRegion = en;
			hasScannedForEncodings = 0;
			knownRegions = (
				en,
				Base,
			);
			mainGroup = 290DC76721E3E30300C1D9E0;
			productRefGroup = 290DC77121E3E30300C1D9E0 /* Products */;
			projectDirPath = "";
			projectRoot = "";
			targets = (
				290DC76F21E3E30300C1D9E0 /* Vocabulary */,
			);
		};
/* End PBXProject section */

/* Begin PBXResourcesBuildPhase section */
		290DC76E21E3E30300C1D9E0 /* Resources */ = {
			isa = PBXResourcesBuildPhase;
			buildActionMask = 2147483647;
			files = (
				290DC77621E3E30300C1D9E0 /* art.scnassets in Resources */,
				290DC78021E3E30500C1D9E0 /* LaunchScreen.storyboard in Resources */,
				290DC77D21E3E30500C1D9E0 /* Assets.xcassets in Resources */,
				290DC77B21E3E30300C1D9E0 /* Main.storyboard in Resources */,
			);
			runOnlyForDeploymentPostprocessing = 0;
		};
/* End PBXResourcesBuildPhase section */

/* Begin PBXSourcesBuildPhase section */
		290DC76C21E3E30300C1D9E0 /* Sources */ = {
			isa = PBXSourcesBuildPhase;
			buildActionMask = 2147483647;
			files = (
				290DC77821E3E30300C1D9E0 /* ViewController.swift in Sources */,
				290DC78821E3E44B00C1D9E0 /* Inceptionv3.mlmodel in Sources */,
				290DC77421E3E30300C1D9E0 /* AppDelegate.swift in Sources */,
				290DC78A21E3F06400C1D9E0 /* yandexTranslate.swift in Sources */,
			);
			runOnlyForDeploymentPostprocessing = 0;
		};
/* End PBXSourcesBuildPhase section */

/* Begin PBXVariantGroup section */
		290DC77921E3E30300C1D9E0 /* Main.storyboard */ = {
			isa = PBXVariantGroup;
			children = (
				290DC77A21E3E30300C1D9E0 /* Base */,
			);
			name = Main.storyboard;
			sourceTree = "<group>";
		};
		290DC77E21E3E30500C1D9E0 /* LaunchScreen.storyboard */ = {
			isa = PBXVariantGroup;
			children = (
				290DC77F21E3E30500C1D9E0 /* Base */,
			);
			name = LaunchScreen.storyboard;
			sourceTree = "<group>";
		};
/* End PBXVariantGroup section */

/* Begin XCBuildConfiguration section */
		290DC78221E3E30500C1D9E0 /* Debug */ = {
			isa = XCBuildConfiguration;
			buildSettings = {
				ALWAYS_SEARCH_USER_PATHS = NO;
				CLANG_ANALYZER_NONNULL = YES;
				CLANG_ANALYZER_NUMBER_OBJECT_CONVERSION = YES_AGGRESSIVE;
				CLANG_CXX_LANGUAGE_STANDARD = "gnu++14";
				CLANG_CXX_LIBRARY = "libc++";
				CLANG_ENABLE_MODULES = YES;
				CLANG_ENABLE_OBJC_ARC = YES;
				CLANG_ENABLE_OBJC_WEAK = YES;
				CLANG_WARN_BLOCK_CAPTURE_AUTORELEASING = YES;
				CLANG_WARN_BOOL_CONVERSION = YES;
				CLANG_WARN_COMMA = YES;
				CLANG_WARN_CONSTANT_CONVERSION = YES;
				CLANG_WARN_DEPRECATED_OBJC_IMPLEMENTATIONS = YES;
				CLANG_WARN_DIRECT_OBJC_ISA_USAGE = YES_ERROR;
				CLANG_WARN_DOCUMENTATION_COMMENTS = YES;
				CLANG_WARN_EMPTY_BODY = YES;
				CLANG_WARN_ENUM_CONVERSION = YES;
				CLANG_WARN_INFINITE_RECURSION = YES;
				CLANG_WARN_INT_CONVERSION = YES;
				CLANG_WARN_NON_LITERAL_NULL_CONVERSION = YES;
				CLANG_WARN_OBJC_IMPLICIT_RETAIN_SELF = YES;
				CLANG_WARN_OBJC_LITERAL_CONVERSION = YES;
				CLANG_WARN_OBJC_ROOT_CLASS = YES_ERROR;
				CLANG_WARN_RANGE_LOOP_ANALYSIS = YES;
				CLANG_WARN_STRICT_PROTOTYPES = YES;
				CLANG_WARN_SUSPICIOUS_MOVE = YES;
				CLANG_WARN_UNGUARDED_AVAILABILITY = YES_AGGRESSIVE;
				CLANG_WARN_UNREACHABLE_CODE = YES;
				CLANG_WARN__DUPLICATE_METHOD_MATCH = YES;
				CODE_SIGN_IDENTITY = "iPhone Developer";
				COPY_PHASE_STRIP = NO;
				DEBUG_INFORMATION_FORMAT = dwarf;
				ENABLE_STRICT_OBJC_MSGSEND = YES;
				ENABLE_TESTABILITY = YES;
				GCC_C_LANGUAGE_STANDARD = gnu11;
				GCC_DYNAMIC_NO_PIC = NO;
				GCC_NO_COMMON_BLOCKS = YES;
				GCC_OPTIMIZATION_LEVEL = 0;
				GCC_PREPROCESSOR_DEFINITIONS = (
					"DEBUG=1",
					"$(inherited)",
				);
				GCC_WARN_64_TO_32_BIT_CONVERSION = YES;
				GCC_WARN_ABOUT_RETURN_TYPE = YES_ERROR;
				GCC_WARN_UNDECLARED_SELECTOR = YES;
				GCC_WARN_UNINITIALIZED_AUTOS = YES_AGGRESSIVE;
				GCC_WARN_UNUSED_FUNCTION = YES;
				GCC_WARN_UNUSED_VARIABLE = YES;
				IPHONEOS_DEPLOYMENT_TARGET = 12.1;
				MTL_ENABLE_DEBUG_INFO = INCLUDE_SOURCE;
				MTL_FAST_MATH = YES;
				ONLY_ACTIVE_ARCH = YES;
				SDKROOT = iphoneos;
				SWIFT_ACTIVE_COMPILATION_CONDITIONS = DEBUG;
				SWIFT_OPTIMIZATION_LEVEL = "-Onone";
			};
			name = Debug;
		};
		290DC78321E3E30500C1D9E0 /* Release */ = {
			isa = XCBuildConfiguration;
			buildSettings = {
				ALWAYS_SEARCH_USER_PATHS = NO;
				CLANG_ANALYZER_NONNULL = YES;
				CLANG_ANALYZER_NUMBER_OBJECT_CONVERSION = YES_AGGRESSIVE;
				CLANG_CXX_LANGUAGE_STANDARD = "gnu++14";
				CLANG_CXX_LIBRARY = "libc++";
				CLANG_ENABLE_MODULES = YES;
				CLANG_ENABLE_OBJC_ARC = YES;
				CLANG_ENABLE_OBJC_WEAK = YES;
				CLANG_WARN_BLOCK_CAPTURE_AUTORELEASING = YES;
				CLANG_WARN_BOOL_CONVERSION = YES;
				CLANG_WARN_COMMA = YES;
				CLANG_WARN_CONSTANT_CONVERSION = YES;
				CLANG_WARN_DEPRECATED_OBJC_IMPLEMENTATIONS = YES;
				CLANG_WARN_DIRECT_OBJC_ISA_USAGE = YES_ERROR;
				CLANG_WARN_DOCUMENTATION_COMMENTS = YES;
				CLANG_WARN_EMPTY_BODY = YES;
				CLANG_WARN_ENUM_CONVERSION = YES;
				CLANG_WARN_INFINITE_RECURSION = YES;
				CLANG_WARN_INT_CONVERSION = YES;
				CLANG_WARN_NON_LITERAL_NULL_CONVERSION = YES;
				CLANG_WARN_OBJC_IMPLICIT_RETAIN_SELF = YES;
				CLANG_WARN_OBJC_LITERAL_CONVERSION = YES;
				CLANG_WARN_OBJC_ROOT_CLASS = YES_ERROR;
				CLANG_WARN_RANGE_LOOP_ANALYSIS = YES;
				CLANG_WARN_STRICT_PROTOTYPES = YES;
				CLANG_WARN_SUSPICIOUS_MOVE = YES;
				CLANG_WARN_UNGUARDED_AVAILABILITY = YES_AGGRESSIVE;
				CLANG_WARN_UNREACHABLE_CODE = YES;
				CLANG_WARN__DUPLICATE_METHOD_MATCH = YES;
				CODE_SIGN_IDENTITY = "iPhone Developer";
				COPY_PHASE_STRIP = NO;
				DEBUG_INFORMATION_FORMAT = "dwarf-with-dsym";
				ENABLE_NS_ASSERTIONS = NO;
				ENABLE_STRICT_OBJC_MSGSEND = YES;
				GCC_C_LANGUAGE_STANDARD = gnu11;
				GCC_NO_COMMON_BLOCKS = YES;
				GCC_WARN_64_TO_32_BIT_CONVERSION = YES;
				GCC_WARN_ABOUT_RETURN_TYPE = YES_ERROR;
				GCC_WARN_UNDECLARED_SELECTOR = YES;
				GCC_WARN_UNINITIALIZED_AUTOS = YES_AGGRESSIVE;
				GCC_WARN_UNUSED_FUNCTION = YES;
				GCC_WARN_UNUSED_VARIABLE = YES;
				IPHONEOS_DEPLOYMENT_TARGET = 12.1;
				MTL_ENABLE_DEBUG_INFO = NO;
				MTL_FAST_MATH = YES;
				SDKROOT = iphoneos;
				SWIFT_COMPILATION_MODE = wholemodule;
				SWIFT_OPTIMIZATION_LEVEL = "-O";
				VALIDATE_PRODUCT = YES;
			};
			name = Release;
		};
		290DC78521E3E30500C1D9E0 /* Debug */ = {
			isa = XCBuildConfiguration;
			buildSettings = {
				ASSETCATALOG_COMPILER_APPICON_NAME = AppIcon;
				CODE_SIGN_STYLE = Automatic;
				DEVELOPMENT_TEAM = WA49FZL9FH;
				INFOPLIST_FILE = Vocabulary/Info.plist;
				LD_RUNPATH_SEARCH_PATHS = (
					"$(inherited)",
					"@executable_path/Frameworks",
				);
				PRODUCT_BUNDLE_IDENTIFIER = wenyu.Vocabulary;
				PRODUCT_NAME = "$(TARGET_NAME)";
				SWIFT_VERSION = 4.2;
				TARGETED_DEVICE_FAMILY = "1,2";
			};
			name = Debug;
		};
		290DC78621E3E30500C1D9E0 /* Release */ = {
			isa = XCBuildConfiguration;
			buildSettings = {
				ASSETCATALOG_COMPILER_APPICON_NAME = AppIcon;
				CODE_SIGN_STYLE = Automatic;
				DEVELOPMENT_TEAM = WA49FZL9FH;
				INFOPLIST_FILE = Vocabulary/Info.plist;
				LD_RUNPATH_SEARCH_PATHS = (
					"$(inherited)",
					"@executable_path/Frameworks",
				);
				PRODUCT_BUNDLE_IDENTIFIER = wenyu.Vocabulary;
				PRODUCT_NAME = "$(TARGET_NAME)";
				SWIFT_VERSION = 4.2;
				TARGETED_DEVICE_FAMILY = "1,2";
			};
			name = Release;
		};
/* End XCBuildConfiguration section */

/* Begin XCConfigurationList section */
		290DC76B21E3E30300C1D9E0 /* Build configuration list for PBXProject "Vocabulary" */ = {
			isa = XCConfigurationList;
			buildConfigurations = (
				290DC78221E3E30500C1D9E0 /* Debug */,
				290DC78321E3E30500C1D9E0 /* Release */,
			);
			defaultConfigurationIsVisible = 0;
			defaultConfigurationName = Release;
		};
		290DC78421E3E30500C1D9E0 /* Build configuration list for PBXNativeTarget "Vocabulary" */ = {
			isa = XCConfigurationList;
			buildConfigurations = (
				290DC78521E3E30500C1D9E0 /* Debug */,
				290DC78621E3E30500C1D9E0 /* Release */,
			);
			defaultConfigurationIsVisible = 0;
			defaultConfigurationName = Release;
		};
/* End XCConfigurationList section */
	};
	rootObject = 290DC76821E3E30300C1D9E0 /* Project object */;
}
